// !$*UTF8*$!
{
	archiveVersion = 1;
	classes = {
	};
	objectVersion = 46;
	objects = {

/* Begin PBXBuildFile section */
		3B2697FE090F0466F22FC040 /* libPods.a in Frameworks */ = {isa = PBXBuildFile; fileRef = B7CC4EDDB894A008E9C33D60 /* libPods.a */; };
		CF6829191B67D889004DE59E /* main.m in Sources */ = {isa = PBXBuildFile; fileRef = CF6829181B67D889004DE59E /* main.m */; };
		CF68291C1B67D889004DE59E /* AppDelegate.m in Sources */ = {isa = PBXBuildFile; fileRef = CF68291B1B67D889004DE59E /* AppDelegate.m */; };
		CF68291F1B67D889004DE59E /* ViewController.m in Sources */ = {isa = PBXBuildFile; fileRef = CF68291E1B67D889004DE59E /* ViewController.m */; };
		CF6829221B67D889004DE59E /* Main.storyboard in Resources */ = {isa = PBXBuildFile; fileRef = CF6829201B67D889004DE59E /* Main.storyboard */; };
		CF6829241B67D889004DE59E /* Images.xcassets in Resources */ = {isa = PBXBuildFile; fileRef = CF6829231B67D889004DE59E /* Images.xcassets */; };
		CF6829271B67D889004DE59E /* LaunchScreen.xib in Resources */ = {isa = PBXBuildFile; fileRef = CF6829251B67D889004DE59E /* LaunchScreen.xib */; };
		CF6829331B67D88A004DE59E /* RATrackingTests.m in Sources */ = {isa = PBXBuildFile; fileRef = CF6829321B67D88A004DE59E /* RATrackingTests.m */; };
		CF6829401B67D8BC004DE59E /* LoginViewController.m in Sources */ = {isa = PBXBuildFile; fileRef = CF68293F1B67D8BC004DE59E /* LoginViewController.m */; };
		CF6829421B67E071004DE59E /* Podfile in Resources */ = {isa = PBXBuildFile; fileRef = CF6829411B67E071004DE59E /* Podfile */; };
		CF6829451B67E58D004DE59E /* HomeViewController.m in Sources */ = {isa = PBXBuildFile; fileRef = CF6829441B67E58D004DE59E /* HomeViewController.m */; };
		CF6829491B67E62B004DE59E /* UIViewController+SharedUIMethods.m in Sources */ = {isa = PBXBuildFile; fileRef = CF6829481B67E62B004DE59E /* UIViewController+SharedUIMethods.m */; };
		CF68294F1B67FD0F004DE59E /* JKPopMenuItem.m in Sources */ = {isa = PBXBuildFile; fileRef = CF68294C1B67FD0F004DE59E /* JKPopMenuItem.m */; };
		CF6829501B67FD0F004DE59E /* JKPopMenuView.m in Sources */ = {isa = PBXBuildFile; fileRef = CF68294E1B67FD0F004DE59E /* JKPopMenuView.m */; };
		CF68295A1B6800B2004DE59E /* icon1.png in Resources */ = {isa = PBXBuildFile; fileRef = CF6829541B6800B2004DE59E /* icon1.png */; };
		CF68295B1B6800B2004DE59E /* icon2.png in Resources */ = {isa = PBXBuildFile; fileRef = CF6829551B6800B2004DE59E /* icon2.png */; };
		CF68295C1B6800B2004DE59E /* icon3.png in Resources */ = {isa = PBXBuildFile; fileRef = CF6829561B6800B2004DE59E /* icon3.png */; };
		CF68295D1B6800B2004DE59E /* icon4.png in Resources */ = {isa = PBXBuildFile; fileRef = CF6829571B6800B2004DE59E /* icon4.png */; };
		CF68295E1B6800B2004DE59E /* icon5.png in Resources */ = {isa = PBXBuildFile; fileRef = CF6829581B6800B2004DE59E /* icon5.png */; };
		CF68295F1B6800B2004DE59E /* icon6.png in Resources */ = {isa = PBXBuildFile; fileRef = CF6829591B6800B2004DE59E /* icon6.png */; };
		CF6829651B68127A004DE59E /* Manifest.m in Sources */ = {isa = PBXBuildFile; fileRef = CF6829641B68127A004DE59E /* Manifest.m */; };
		CF6D78D61B73B80C0004FC20 /* AdverseDetailsViewController.m in Sources */ = {isa = PBXBuildFile; fileRef = CF6D78D51B73B80C0004FC20 /* AdverseDetailsViewController.m */; };
		CF6D78D91B73B9890004FC20 /* AdverseDetailsCell.m in Sources */ = {isa = PBXBuildFile; fileRef = CF6D78D81B73B9890004FC20 /* AdverseDetailsCell.m */; };
		CF704EFD1B7284190073F6CB /* Medication.m in Sources */ = {isa = PBXBuildFile; fileRef = CF704EFC1B7284190073F6CB /* Medication.m */; };
		CF704F001B7284260073F6CB /* AdverseEventReporting.m in Sources */ = {isa = PBXBuildFile; fileRef = CF704EFF1B7284260073F6CB /* AdverseEventReporting.m */; };
		CF704F071B7285000073F6CB /* Get.m in Sources */ = {isa = PBXBuildFile; fileRef = CF704F021B7285000073F6CB /* Get.m */; };
		CF704F081B7285000073F6CB /* JSONHandler.m in Sources */ = {isa = PBXBuildFile; fileRef = CF704F041B7285000073F6CB /* JSONHandler.m */; };
		CF704F091B7285000073F6CB /* Post.m in Sources */ = {isa = PBXBuildFile; fileRef = CF704F061B7285000073F6CB /* Post.m */; };
		CF704F0D1B7295010073F6CB /* MedHistoryCell.m in Sources */ = {isa = PBXBuildFile; fileRef = CF704F0C1B7295010073F6CB /* MedHistoryCell.m */; };
		CFB6D0121B684250004849C4 /* Constants.m in Sources */ = {isa = PBXBuildFile; fileRef = CFB6D0111B684250004849C4 /* Constants.m */; };
		CFB6D0161B6842AD004849C4 /* User.m in Sources */ = {isa = PBXBuildFile; fileRef = CFB6D0151B6842AD004849C4 /* User.m */; };
		CFE3A9BB1B71104F002AC0F9 /* activity_feed_2-32.png in Resources */ = {isa = PBXBuildFile; fileRef = CFE3A9B61B71104F002AC0F9 /* activity_feed_2-32.png */; };
		CFE3A9BC1B71104F002AC0F9 /* ambulance_filled-32.png in Resources */ = {isa = PBXBuildFile; fileRef = CFE3A9B71B71104F002AC0F9 /* ambulance_filled-32.png */; };
		CFE3A9BD1B71104F002AC0F9 /* body_scan_filled-32.png in Resources */ = {isa = PBXBuildFile; fileRef = CFE3A9B81B71104F002AC0F9 /* body_scan_filled-32.png */; };
		CFE3A9BE1B71104F002AC0F9 /* compass_filled-32.png in Resources */ = {isa = PBXBuildFile; fileRef = CFE3A9B91B71104F002AC0F9 /* compass_filled-32.png */; };
		CFE3A9BF1B71104F002AC0F9 /* treatment_plan_filled-32.png in Resources */ = {isa = PBXBuildFile; fileRef = CFE3A9BA1B71104F002AC0F9 /* treatment_plan_filled-32.png */; };
		CFE3A9C21B711722002AC0F9 /* AdverseEventViewController.m in Sources */ = {isa = PBXBuildFile; fileRef = CFE3A9C11B711722002AC0F9 /* AdverseEventViewController.m */; };
		CFE3A9C51B7119AB002AC0F9 /* JointViewController.m in Sources */ = {isa = PBXBuildFile; fileRef = CFE3A9C41B7119AB002AC0F9 /* JointViewController.m */; };
		CFE3A9C91B714BC8002AC0F9 /* AddMedicationViewController.m in Sources */ = {isa = PBXBuildFile; fileRef = CFE3A9C81B714BC8002AC0F9 /* AddMedicationViewController.m */; };
/* End PBXBuildFile section */

/* Begin PBXContainerItemProxy section */
		CF68292D1B67D88A004DE59E /* PBXContainerItemProxy */ = {
			isa = PBXContainerItemProxy;
			containerPortal = CF68290B1B67D889004DE59E /* Project object */;
			proxyType = 1;
			remoteGlobalIDString = CF6829121B67D889004DE59E;
			remoteInfo = RATracking;
		};
/* End PBXContainerItemProxy section */

/* Begin PBXFileReference section */
		0A77089B5FBF40779C54782B /* Pods.debug.xcconfig */ = {isa = PBXFileReference; includeInIndex = 1; lastKnownFileType = text.xcconfig; name = Pods.debug.xcconfig; path = "Pods/Target Support Files/Pods/Pods.debug.xcconfig"; sourceTree = "<group>"; };
		8266FD4FC2AF9D6FCF32136C /* Pods.release.xcconfig */ = {isa = PBXFileReference; includeInIndex = 1; lastKnownFileType = text.xcconfig; name = Pods.release.xcconfig; path = "Pods/Target Support Files/Pods/Pods.release.xcconfig"; sourceTree = "<group>"; };
		B7CC4EDDB894A008E9C33D60 /* libPods.a */ = {isa = PBXFileReference; explicitFileType = archive.ar; includeInIndex = 0; path = libPods.a; sourceTree = BUILT_PRODUCTS_DIR; };
		CF6829131B67D889004DE59E /* RATracking.app */ = {isa = PBXFileReference; explicitFileType = wrapper.application; includeInIndex = 0; path = RATracking.app; sourceTree = BUILT_PRODUCTS_DIR; };
		CF6829171B67D889004DE59E /* Info.plist */ = {isa = PBXFileReference; lastKnownFileType = text.plist.xml; path = Info.plist; sourceTree = "<group>"; };
		CF6829181B67D889004DE59E /* main.m */ = {isa = PBXFileReference; lastKnownFileType = sourcecode.c.objc; path = main.m; sourceTree = "<group>"; };
		CF68291A1B67D889004DE59E /* AppDelegate.h */ = {isa = PBXFileReference; lastKnownFileType = sourcecode.c.h; path = AppDelegate.h; sourceTree = "<group>"; };
		CF68291B1B67D889004DE59E /* AppDelegate.m */ = {isa = PBXFileReference; lastKnownFileType = sourcecode.c.objc; path = AppDelegate.m; sourceTree = "<group>"; };
		CF68291D1B67D889004DE59E /* ViewController.h */ = {isa = PBXFileReference; lastKnownFileType = sourcecode.c.h; path = ViewController.h; sourceTree = "<group>"; };
		CF68291E1B67D889004DE59E /* ViewController.m */ = {isa = PBXFileReference; lastKnownFileType = sourcecode.c.objc; path = ViewController.m; sourceTree = "<group>"; };
		CF6829211B67D889004DE59E /* Base */ = {isa = PBXFileReference; lastKnownFileType = file.storyboard; name = Base; path = Base.lproj/Main.storyboard; sourceTree = "<group>"; };
		CF6829231B67D889004DE59E /* Images.xcassets */ = {isa = PBXFileReference; lastKnownFileType = folder.assetcatalog; path = Images.xcassets; sourceTree = "<group>"; };
		CF6829261B67D889004DE59E /* Base */ = {isa = PBXFileReference; lastKnownFileType = file.xib; name = Base; path = Base.lproj/LaunchScreen.xib; sourceTree = "<group>"; };
		CF68292C1B67D88A004DE59E /* RATrackingTests.xctest */ = {isa = PBXFileReference; explicitFileType = wrapper.cfbundle; includeInIndex = 0; path = RATrackingTests.xctest; sourceTree = BUILT_PRODUCTS_DIR; };
		CF6829311B67D88A004DE59E /* Info.plist */ = {isa = PBXFileReference; lastKnownFileType = text.plist.xml; path = Info.plist; sourceTree = "<group>"; };
		CF6829321B67D88A004DE59E /* RATrackingTests.m */ = {isa = PBXFileReference; lastKnownFileType = sourcecode.c.objc; path = RATrackingTests.m; sourceTree = "<group>"; };
		CF68293E1B67D8BC004DE59E /* LoginViewController.h */ = {isa = PBXFileReference; fileEncoding = 4; lastKnownFileType = sourcecode.c.h; path = LoginViewController.h; sourceTree = "<group>"; };
		CF68293F1B67D8BC004DE59E /* LoginViewController.m */ = {isa = PBXFileReference; fileEncoding = 4; lastKnownFileType = sourcecode.c.objc; path = LoginViewController.m; sourceTree = "<group>"; };
		CF6829411B67E071004DE59E /* Podfile */ = {isa = PBXFileReference; fileEncoding = 4; lastKnownFileType = text; path = Podfile; sourceTree = "<group>"; xcLanguageSpecificationIdentifier = xcode.lang.ruby; };
		CF6829431B67E58D004DE59E /* HomeViewController.h */ = {isa = PBXFileReference; fileEncoding = 4; lastKnownFileType = sourcecode.c.h; path = HomeViewController.h; sourceTree = "<group>"; };
		CF6829441B67E58D004DE59E /* HomeViewController.m */ = {isa = PBXFileReference; fileEncoding = 4; lastKnownFileType = sourcecode.c.objc; path = HomeViewController.m; sourceTree = "<group>"; };
		CF6829471B67E62B004DE59E /* UIViewController+SharedUIMethods.h */ = {isa = PBXFileReference; fileEncoding = 4; lastKnownFileType = sourcecode.c.h; path = "UIViewController+SharedUIMethods.h"; sourceTree = "<group>"; };
		CF6829481B67E62B004DE59E /* UIViewController+SharedUIMethods.m */ = {isa = PBXFileReference; fileEncoding = 4; lastKnownFileType = sourcecode.c.objc; path = "UIViewController+SharedUIMethods.m"; sourceTree = "<group>"; };
		CF68294B1B67FD0F004DE59E /* JKPopMenuItem.h */ = {isa = PBXFileReference; fileEncoding = 4; lastKnownFileType = sourcecode.c.h; name = JKPopMenuItem.h; path = Libs/JKPopMenuItem.h; sourceTree = SOURCE_ROOT; };
		CF68294C1B67FD0F004DE59E /* JKPopMenuItem.m */ = {isa = PBXFileReference; fileEncoding = 4; lastKnownFileType = sourcecode.c.objc; name = JKPopMenuItem.m; path = Libs/JKPopMenuItem.m; sourceTree = SOURCE_ROOT; };
		CF68294D1B67FD0F004DE59E /* JKPopMenuView.h */ = {isa = PBXFileReference; fileEncoding = 4; lastKnownFileType = sourcecode.c.h; name = JKPopMenuView.h; path = Libs/JKPopMenuView.h; sourceTree = SOURCE_ROOT; };
		CF68294E1B67FD0F004DE59E /* JKPopMenuView.m */ = {isa = PBXFileReference; fileEncoding = 4; lastKnownFileType = sourcecode.c.objc; name = JKPopMenuView.m; path = Libs/JKPopMenuView.m; sourceTree = SOURCE_ROOT; };
		CF6829541B6800B2004DE59E /* icon1.png */ = {isa = PBXFileReference; lastKnownFileType = image.png; name = icon1.png; path = Images/icon1.png; sourceTree = SOURCE_ROOT; };
		CF6829551B6800B2004DE59E /* icon2.png */ = {isa = PBXFileReference; lastKnownFileType = image.png; name = icon2.png; path = Images/icon2.png; sourceTree = SOURCE_ROOT; };
		CF6829561B6800B2004DE59E /* icon3.png */ = {isa = PBXFileReference; lastKnownFileType = image.png; name = icon3.png; path = Images/icon3.png; sourceTree = SOURCE_ROOT; };
		CF6829571B6800B2004DE59E /* icon4.png */ = {isa = PBXFileReference; lastKnownFileType = image.png; name = icon4.png; path = Images/icon4.png; sourceTree = SOURCE_ROOT; };
		CF6829581B6800B2004DE59E /* icon5.png */ = {isa = PBXFileReference; lastKnownFileType = image.png; name = icon5.png; path = Images/icon5.png; sourceTree = SOURCE_ROOT; };
		CF6829591B6800B2004DE59E /* icon6.png */ = {isa = PBXFileReference; lastKnownFileType = image.png; name = icon6.png; path = Images/icon6.png; sourceTree = SOURCE_ROOT; };
		CF6829631B68127A004DE59E /* Manifest.h */ = {isa = PBXFileReference; fileEncoding = 4; lastKnownFileType = sourcecode.c.h; path = Manifest.h; sourceTree = "<group>"; };
		CF6829641B68127A004DE59E /* Manifest.m */ = {isa = PBXFileReference; fileEncoding = 4; lastKnownFileType = sourcecode.c.objc; path = Manifest.m; sourceTree = "<group>"; };
		CF6D78D41B73B80C0004FC20 /* AdverseDetailsViewController.h */ = {isa = PBXFileReference; fileEncoding = 4; lastKnownFileType = sourcecode.c.h; path = AdverseDetailsViewController.h; sourceTree = "<group>"; };
		CF6D78D51B73B80C0004FC20 /* AdverseDetailsViewController.m */ = {isa = PBXFileReference; fileEncoding = 4; lastKnownFileType = sourcecode.c.objc; path = AdverseDetailsViewController.m; sourceTree = "<group>"; };
		CF6D78D71B73B9890004FC20 /* AdverseDetailsCell.h */ = {isa = PBXFileReference; fileEncoding = 4; lastKnownFileType = sourcecode.c.h; path = AdverseDetailsCell.h; sourceTree = "<group>"; };
		CF6D78D81B73B9890004FC20 /* AdverseDetailsCell.m */ = {isa = PBXFileReference; fileEncoding = 4; lastKnownFileType = sourcecode.c.objc; path = AdverseDetailsCell.m; sourceTree = "<group>"; };
		CF704EFB1B7284190073F6CB /* Medication.h */ = {isa = PBXFileReference; fileEncoding = 4; lastKnownFileType = sourcecode.c.h; path = Medication.h; sourceTree = "<group>"; };
		CF704EFC1B7284190073F6CB /* Medication.m */ = {isa = PBXFileReference; fileEncoding = 4; lastKnownFileType = sourcecode.c.objc; path = Medication.m; sourceTree = "<group>"; };
		CF704EFE1B7284260073F6CB /* AdverseEventReporting.h */ = {isa = PBXFileReference; fileEncoding = 4; lastKnownFileType = sourcecode.c.h; path = AdverseEventReporting.h; sourceTree = "<group>"; };
		CF704EFF1B7284260073F6CB /* AdverseEventReporting.m */ = {isa = PBXFileReference; fileEncoding = 4; lastKnownFileType = sourcecode.c.objc; path = AdverseEventReporting.m; sourceTree = "<group>"; };
		CF704F011B7285000073F6CB /* Get.h */ = {isa = PBXFileReference; fileEncoding = 4; lastKnownFileType = sourcecode.c.h; path = Get.h; sourceTree = "<group>"; };
		CF704F021B7285000073F6CB /* Get.m */ = {isa = PBXFileReference; fileEncoding = 4; lastKnownFileType = sourcecode.c.objc; path = Get.m; sourceTree = "<group>"; };
		CF704F031B7285000073F6CB /* JSONHandler.h */ = {isa = PBXFileReference; fileEncoding = 4; lastKnownFileType = sourcecode.c.h; path = JSONHandler.h; sourceTree = "<group>"; };
		CF704F041B7285000073F6CB /* JSONHandler.m */ = {isa = PBXFileReference; fileEncoding = 4; lastKnownFileType = sourcecode.c.objc; path = JSONHandler.m; sourceTree = "<group>"; };
		CF704F051B7285000073F6CB /* Post.h */ = {isa = PBXFileReference; fileEncoding = 4; lastKnownFileType = sourcecode.c.h; path = Post.h; sourceTree = "<group>"; };
		CF704F061B7285000073F6CB /* Post.m */ = {isa = PBXFileReference; fileEncoding = 4; lastKnownFileType = sourcecode.c.objc; path = Post.m; sourceTree = "<group>"; };
		CF704F0B1B7295010073F6CB /* MedHistoryCell.h */ = {isa = PBXFileReference; fileEncoding = 4; lastKnownFileType = sourcecode.c.h; path = MedHistoryCell.h; sourceTree = "<group>"; };
		CF704F0C1B7295010073F6CB /* MedHistoryCell.m */ = {isa = PBXFileReference; fileEncoding = 4; lastKnownFileType = sourcecode.c.objc; path = MedHistoryCell.m; sourceTree = "<group>"; };
		CFB6D0101B684250004849C4 /* Constants.h */ = {isa = PBXFileReference; fileEncoding = 4; lastKnownFileType = sourcecode.c.h; path = Constants.h; sourceTree = "<group>"; };
		CFB6D0111B684250004849C4 /* Constants.m */ = {isa = PBXFileReference; fileEncoding = 4; lastKnownFileType = sourcecode.c.objc; path = Constants.m; sourceTree = "<group>"; };
		CFB6D0141B6842AD004849C4 /* User.h */ = {isa = PBXFileReference; fileEncoding = 4; lastKnownFileType = sourcecode.c.h; path = User.h; sourceTree = "<group>"; };
		CFB6D0151B6842AD004849C4 /* User.m */ = {isa = PBXFileReference; fileEncoding = 4; lastKnownFileType = sourcecode.c.objc; path = User.m; sourceTree = "<group>"; };
		CFE3A9B61B71104F002AC0F9 /* activity_feed_2-32.png */ = {isa = PBXFileReference; lastKnownFileType = image.png; path = "activity_feed_2-32.png"; sourceTree = "<group>"; };
		CFE3A9B71B71104F002AC0F9 /* ambulance_filled-32.png */ = {isa = PBXFileReference; lastKnownFileType = image.png; path = "ambulance_filled-32.png"; sourceTree = "<group>"; };
		CFE3A9B81B71104F002AC0F9 /* body_scan_filled-32.png */ = {isa = PBXFileReference; lastKnownFileType = image.png; path = "body_scan_filled-32.png"; sourceTree = "<group>"; };
		CFE3A9B91B71104F002AC0F9 /* compass_filled-32.png */ = {isa = PBXFileReference; lastKnownFileType = image.png; path = "compass_filled-32.png"; sourceTree = "<group>"; };
		CFE3A9BA1B71104F002AC0F9 /* treatment_plan_filled-32.png */ = {isa = PBXFileReference; lastKnownFileType = image.png; path = "treatment_plan_filled-32.png"; sourceTree = "<group>"; };
		CFE3A9C01B711722002AC0F9 /* AdverseEventViewController.h */ = {isa = PBXFileReference; fileEncoding = 4; lastKnownFileType = sourcecode.c.h; path = AdverseEventViewController.h; sourceTree = "<group>"; };
		CFE3A9C11B711722002AC0F9 /* AdverseEventViewController.m */ = {isa = PBXFileReference; fileEncoding = 4; lastKnownFileType = sourcecode.c.objc; path = AdverseEventViewController.m; sourceTree = "<group>"; };
		CFE3A9C31B7119AB002AC0F9 /* JointViewController.h */ = {isa = PBXFileReference; fileEncoding = 4; lastKnownFileType = sourcecode.c.h; path = JointViewController.h; sourceTree = "<group>"; };
		CFE3A9C41B7119AB002AC0F9 /* JointViewController.m */ = {isa = PBXFileReference; fileEncoding = 4; lastKnownFileType = sourcecode.c.objc; path = JointViewController.m; sourceTree = "<group>"; };
		CFE3A9C71B714BC8002AC0F9 /* AddMedicationViewController.h */ = {isa = PBXFileReference; fileEncoding = 4; lastKnownFileType = sourcecode.c.h; path = AddMedicationViewController.h; sourceTree = "<group>"; };
		CFE3A9C81B714BC8002AC0F9 /* AddMedicationViewController.m */ = {isa = PBXFileReference; fileEncoding = 4; lastKnownFileType = sourcecode.c.objc; path = AddMedicationViewController.m; sourceTree = "<group>"; };
/* End PBXFileReference section */

/* Begin PBXFrameworksBuildPhase section */
		CF6829101B67D889004DE59E /* Frameworks */ = {
			isa = PBXFrameworksBuildPhase;
			buildActionMask = 2147483647;
			files = (
				3B2697FE090F0466F22FC040 /* libPods.a in Frameworks */,
			);
			runOnlyForDeploymentPostprocessing = 0;
		};
		CF6829291B67D88A004DE59E /* Frameworks */ = {
			isa = PBXFrameworksBuildPhase;
			buildActionMask = 2147483647;
			files = (
			);
			runOnlyForDeploymentPostprocessing = 0;
		};
/* End PBXFrameworksBuildPhase section */

/* Begin PBXGroup section */
		32D0714C8DA78F485F93DB45 /* Frameworks */ = {
			isa = PBXGroup;
			children = (
				B7CC4EDDB894A008E9C33D60 /* libPods.a */,
			);
			name = Frameworks;
			sourceTree = "<group>";
		};
		ACAB033D62DE4ADFF344A937 /* Pods */ = {
			isa = PBXGroup;
			children = (
				0A77089B5FBF40779C54782B /* Pods.debug.xcconfig */,
				8266FD4FC2AF9D6FCF32136C /* Pods.release.xcconfig */,
			);
			name = Pods;
			sourceTree = "<group>";
		};
		CF68290A1B67D889004DE59E = {
			isa = PBXGroup;
			children = (
				CF6829411B67E071004DE59E /* Podfile */,
				CF6829151B67D889004DE59E /* RATracking */,
				CF68292F1B67D88A004DE59E /* RATrackingTests */,
				CF6829141B67D889004DE59E /* Products */,
				ACAB033D62DE4ADFF344A937 /* Pods */,
				32D0714C8DA78F485F93DB45 /* Frameworks */,
			);
			sourceTree = "<group>";
		};
		CF6829141B67D889004DE59E /* Products */ = {
			isa = PBXGroup;
			children = (
				CF6829131B67D889004DE59E /* RATracking.app */,
				CF68292C1B67D88A004DE59E /* RATrackingTests.xctest */,
			);
			name = Products;
			sourceTree = "<group>";
		};
		CF6829151B67D889004DE59E /* RATracking */ = {
			isa = PBXGroup;
			children = (
				CF704F0A1B7294E60073F6CB /* Cells */,
				CFB6D0131B68429C004849C4 /* Models */,
				CFB6D00F1B6841D8004849C4 /* Constants */,
				CF6829531B67FFBC004DE59E /* Images */,
				CF68294A1B67FCE7004DE59E /* Libs */,
				CF6829461B67E5C1004DE59E /* Categories */,
				CF68291A1B67D889004DE59E /* AppDelegate.h */,
				CF68291B1B67D889004DE59E /* AppDelegate.m */,
				CF68293C1B67D88D004DE59E /* BeforeLogin */,
				CF68293D1B67D89A004DE59E /* AfterLogin */,
				CF68291E1B67D889004DE59E /* ViewController.m */,
				CF68291D1B67D889004DE59E /* ViewController.h */,
				CF6829201B67D889004DE59E /* Main.storyboard */,
				CF6829231B67D889004DE59E /* Images.xcassets */,
				CF6829251B67D889004DE59E /* LaunchScreen.xib */,
				CF6829161B67D889004DE59E /* Supporting Files */,
			);
			path = RATracking;
			sourceTree = "<group>";
		};
		CF6829161B67D889004DE59E /* Supporting Files */ = {
			isa = PBXGroup;
			children = (
				CF6829171B67D889004DE59E /* Info.plist */,
				CF6829181B67D889004DE59E /* main.m */,
			);
			name = "Supporting Files";
			sourceTree = "<group>";
		};
		CF68292F1B67D88A004DE59E /* RATrackingTests */ = {
			isa = PBXGroup;
			children = (
				CF6829321B67D88A004DE59E /* RATrackingTests.m */,
				CF6829301B67D88A004DE59E /* Supporting Files */,
			);
			path = RATrackingTests;
			sourceTree = "<group>";
		};
		CF6829301B67D88A004DE59E /* Supporting Files */ = {
			isa = PBXGroup;
			children = (
				CF6829311B67D88A004DE59E /* Info.plist */,
			);
			name = "Supporting Files";
			sourceTree = "<group>";
		};
		CF68293C1B67D88D004DE59E /* BeforeLogin */ = {
			isa = PBXGroup;
			children = (
				CF68293E1B67D8BC004DE59E /* LoginViewController.h */,
				CF68293F1B67D8BC004DE59E /* LoginViewController.m */,
			);
			name = BeforeLogin;
			sourceTree = "<group>";
		};
		CF68293D1B67D89A004DE59E /* AfterLogin */ = {
			isa = PBXGroup;
			children = (
				CF6D78D31B73A41A0004FC20 /* AdverseEvent */,
				CFE3A9C61B714BAD002AC0F9 /* RxHistory */,
				CF6829431B67E58D004DE59E /* HomeViewController.h */,
				CF6829441B67E58D004DE59E /* HomeViewController.m */,
				CFE3A9C01B711722002AC0F9 /* AdverseEventViewController.h */,
				CFE3A9C11B711722002AC0F9 /* AdverseEventViewController.m */,
				CFE3A9C31B7119AB002AC0F9 /* JointViewController.h */,
				CFE3A9C41B7119AB002AC0F9 /* JointViewController.m */,
			);
			name = AfterLogin;
			sourceTree = "<group>";
		};
		CF6829461B67E5C1004DE59E /* Categories */ = {
			isa = PBXGroup;
			children = (
				CF6829471B67E62B004DE59E /* UIViewController+SharedUIMethods.h */,
				CF6829481B67E62B004DE59E /* UIViewController+SharedUIMethods.m */,
			);
			name = Categories;
			sourceTree = "<group>";
		};
		CF68294A1B67FCE7004DE59E /* Libs */ = {
			isa = PBXGroup;
			children = (
				CF704F011B7285000073F6CB /* Get.h */,
				CF704F021B7285000073F6CB /* Get.m */,
				CF704F031B7285000073F6CB /* JSONHandler.h */,
				CF704F041B7285000073F6CB /* JSONHandler.m */,
				CF704F051B7285000073F6CB /* Post.h */,
				CF704F061B7285000073F6CB /* Post.m */,
				CF68294B1B67FD0F004DE59E /* JKPopMenuItem.h */,
				CF68294C1B67FD0F004DE59E /* JKPopMenuItem.m */,
				CF68294D1B67FD0F004DE59E /* JKPopMenuView.h */,
				CF68294E1B67FD0F004DE59E /* JKPopMenuView.m */,
				CF6829631B68127A004DE59E /* Manifest.h */,
				CF6829641B68127A004DE59E /* Manifest.m */,
			);
			name = Libs;
			sourceTree = "<group>";
		};
		CF6829531B67FFBC004DE59E /* Images */ = {
			isa = PBXGroup;
			children = (
				CFE3A9B51B711035002AC0F9 /* tabbar_icons */,
				CF6829541B6800B2004DE59E /* icon1.png */,
				CF6829551B6800B2004DE59E /* icon2.png */,
				CF6829561B6800B2004DE59E /* icon3.png */,
				CF6829571B6800B2004DE59E /* icon4.png */,
				CF6829581B6800B2004DE59E /* icon5.png */,
				CF6829591B6800B2004DE59E /* icon6.png */,
			);
			name = Images;
			sourceTree = "<group>";
		};
		CF6D78D31B73A41A0004FC20 /* AdverseEvent */ = {
			isa = PBXGroup;
			children = (
				CF6D78D41B73B80C0004FC20 /* AdverseDetailsViewController.h */,
				CF6D78D51B73B80C0004FC20 /* AdverseDetailsViewController.m */,
			);
			name = AdverseEvent;
			sourceTree = "<group>";
		};
		CF704F0A1B7294E60073F6CB /* Cells */ = {
			isa = PBXGroup;
			children = (
				CF704F0B1B7295010073F6CB /* MedHistoryCell.h */,
				CF704F0C1B7295010073F6CB /* MedHistoryCell.m */,
				CF6D78D71B73B9890004FC20 /* AdverseDetailsCell.h */,
				CF6D78D81B73B9890004FC20 /* AdverseDetailsCell.m */,
			);
			name = Cells;
			sourceTree = "<group>";
		};
		CFB6D00F1B6841D8004849C4 /* Constants */ = {
			isa = PBXGroup;
			children = (
				CFB6D0101B684250004849C4 /* Constants.h */,
				CFB6D0111B684250004849C4 /* Constants.m */,
			);
			name = Constants;
			sourceTree = "<group>";
		};
		CFB6D0131B68429C004849C4 /* Models */ = {
			isa = PBXGroup;
			children = (
				CFB6D0141B6842AD004849C4 /* User.h */,
				CFB6D0151B6842AD004849C4 /* User.m */,
				CF704EFB1B7284190073F6CB /* Medication.h */,
				CF704EFC1B7284190073F6CB /* Medication.m */,
				CF704EFE1B7284260073F6CB /* AdverseEventReporting.h */,
				CF704EFF1B7284260073F6CB /* AdverseEventReporting.m */,
			);
			name = Models;
			sourceTree = "<group>";
		};
		CFE3A9B51B711035002AC0F9 /* tabbar_icons */ = {
			isa = PBXGroup;
			children = (
				CFE3A9B61B71104F002AC0F9 /* activity_feed_2-32.png */,
				CFE3A9B71B71104F002AC0F9 /* ambulance_filled-32.png */,
				CFE3A9B81B71104F002AC0F9 /* body_scan_filled-32.png */,
				CFE3A9B91B71104F002AC0F9 /* compass_filled-32.png */,
				CFE3A9BA1B71104F002AC0F9 /* treatment_plan_filled-32.png */,
			);
			name = tabbar_icons;
			sourceTree = "<group>";
		};
		CFE3A9C61B714BAD002AC0F9 /* RxHistory */ = {
			isa = PBXGroup;
			children = (
				CFE3A9C71B714BC8002AC0F9 /* AddMedicationViewController.h */,
				CFE3A9C81B714BC8002AC0F9 /* AddMedicationViewController.m */,
			);
			name = RxHistory;
			sourceTree = "<group>";
		};
/* End PBXGroup section */

/* Begin PBXNativeTarget section */
		CF6829121B67D889004DE59E /* RATracking */ = {
			isa = PBXNativeTarget;
			buildConfigurationList = CF6829361B67D88A004DE59E /* Build configuration list for PBXNativeTarget "RATracking" */;
			buildPhases = (
				2CB094ADA867CF22463F411F /* Check Pods Manifest.lock */,
				CF68290F1B67D889004DE59E /* Sources */,
				CF6829101B67D889004DE59E /* Frameworks */,
				CF6829111B67D889004DE59E /* Resources */,
				02EDAAB5DDAC9EF7BBB0B048 /* Copy Pods Resources */,
			);
			buildRules = (
			);
			dependencies = (
			);
			name = RATracking;
			productName = RATracking;
			productReference = CF6829131B67D889004DE59E /* RATracking.app */;
			productType = "com.apple.product-type.application";
		};
		CF68292B1B67D88A004DE59E /* RATrackingTests */ = {
			isa = PBXNativeTarget;
			buildConfigurationList = CF6829391B67D88A004DE59E /* Build configuration list for PBXNativeTarget "RATrackingTests" */;
			buildPhases = (
				CF6829281B67D88A004DE59E /* Sources */,
				CF6829291B67D88A004DE59E /* Frameworks */,
				CF68292A1B67D88A004DE59E /* Resources */,
			);
			buildRules = (
			);
			dependencies = (
				CF68292E1B67D88A004DE59E /* PBXTargetDependency */,
			);
			name = RATrackingTests;
			productName = RATrackingTests;
			productReference = CF68292C1B67D88A004DE59E /* RATrackingTests.xctest */;
			productType = "com.apple.product-type.bundle.unit-test";
		};
/* End PBXNativeTarget section */

/* Begin PBXProject section */
		CF68290B1B67D889004DE59E /* Project object */ = {
			isa = PBXProject;
			attributes = {
				LastUpgradeCheck = 0640;
				ORGANIZATIONNAME = EagleForce;
				TargetAttributes = {
					CF6829121B67D889004DE59E = {
						CreatedOnToolsVersion = 6.4;
					};
					CF68292B1B67D88A004DE59E = {
						CreatedOnToolsVersion = 6.4;
						TestTargetID = CF6829121B67D889004DE59E;
					};
				};
			};
			buildConfigurationList = CF68290E1B67D889004DE59E /* Build configuration list for PBXProject "RATracking" */;
			compatibilityVersion = "Xcode 3.2";
			developmentRegion = English;
			hasScannedForEncodings = 0;
			knownRegions = (
				en,
				Base,
			);
			mainGroup = CF68290A1B67D889004DE59E;
			productRefGroup = CF6829141B67D889004DE59E /* Products */;
			projectDirPath = "";
			projectRoot = "";
			targets = (
				CF6829121B67D889004DE59E /* RATracking */,
				CF68292B1B67D88A004DE59E /* RATrackingTests */,
			);
		};
/* End PBXProject section */

/* Begin PBXResourcesBuildPhase section */
		CF6829111B67D889004DE59E /* Resources */ = {
			isa = PBXResourcesBuildPhase;
			buildActionMask = 2147483647;
			files = (
				CF6829221B67D889004DE59E /* Main.storyboard in Resources */,
				CFE3A9BE1B71104F002AC0F9 /* compass_filled-32.png in Resources */,
				CF68295D1B6800B2004DE59E /* icon4.png in Resources */,
				CFE3A9BB1B71104F002AC0F9 /* activity_feed_2-32.png in Resources */,
				CFE3A9BF1B71104F002AC0F9 /* treatment_plan_filled-32.png in Resources */,
				CF6829271B67D889004DE59E /* LaunchScreen.xib in Resources */,
				CFE3A9BD1B71104F002AC0F9 /* body_scan_filled-32.png in Resources */,
				CF68295F1B6800B2004DE59E /* icon6.png in Resources */,
				CF68295C1B6800B2004DE59E /* icon3.png in Resources */,
				CF6829421B67E071004DE59E /* Podfile in Resources */,
				CF68295A1B6800B2004DE59E /* icon1.png in Resources */,
				CF6829241B67D889004DE59E /* Images.xcassets in Resources */,
				CFE3A9BC1B71104F002AC0F9 /* ambulance_filled-32.png in Resources */,
				CF68295B1B6800B2004DE59E /* icon2.png in Resources */,
				CF68295E1B6800B2004DE59E /* icon5.png in Resources */,
			);
			runOnlyForDeploymentPostprocessing = 0;
		};
		CF68292A1B67D88A004DE59E /* Resources */ = {
			isa = PBXResourcesBuildPhase;
			buildActionMask = 2147483647;
			files = (
			);
			runOnlyForDeploymentPostprocessing = 0;
		};
/* End PBXResourcesBuildPhase section */

/* Begin PBXShellScriptBuildPhase section */
		02EDAAB5DDAC9EF7BBB0B048 /* Copy Pods Resources */ = {
			isa = PBXShellScriptBuildPhase;
			buildActionMask = 2147483647;
			files = (
			);
			inputPaths = (
			);
			name = "Copy Pods Resources";
			outputPaths = (
			);
			runOnlyForDeploymentPostprocessing = 0;
			shellPath = /bin/sh;
			shellScript = "\"${SRCROOT}/Pods/Target Support Files/Pods/Pods-resources.sh\"\n";
			showEnvVarsInLog = 0;
		};
		2CB094ADA867CF22463F411F /* Check Pods Manifest.lock */ = {
			isa = PBXShellScriptBuildPhase;
			buildActionMask = 2147483647;
			files = (
			);
			inputPaths = (
			);
			name = "Check Pods Manifest.lock";
			outputPaths = (
			);
			runOnlyForDeploymentPostprocessing = 0;
			shellPath = /bin/sh;
			shellScript = "diff \"${PODS_ROOT}/../Podfile.lock\" \"${PODS_ROOT}/Manifest.lock\" > /dev/null\nif [[ $? != 0 ]] ; then\n    cat << EOM\nerror: The sandbox is not in sync with the Podfile.lock. Run 'pod install' or update your CocoaPods installation.\nEOM\n    exit 1\nfi\n";
			showEnvVarsInLog = 0;
		};
/* End PBXShellScriptBuildPhase section */

/* Begin PBXSourcesBuildPhase section */
		CF68290F1B67D889004DE59E /* Sources */ = {
			isa = PBXSourcesBuildPhase;
			buildActionMask = 2147483647;
			files = (
				CF704F081B7285000073F6CB /* JSONHandler.m in Sources */,
				CF6D78D61B73B80C0004FC20 /* AdverseDetailsViewController.m in Sources */,
				CFB6D0121B684250004849C4 /* Constants.m in Sources */,
				CF6829491B67E62B004DE59E /* UIViewController+SharedUIMethods.m in Sources */,
				CF6829401B67D8BC004DE59E /* LoginViewController.m in Sources */,
				CF704EFD1B7284190073F6CB /* Medication.m in Sources */,
				CF68291F1B67D889004DE59E /* ViewController.m in Sources */,
				CF704F091B7285000073F6CB /* Post.m in Sources */,
				CF68291C1B67D889004DE59E /* AppDelegate.m in Sources */,
				CFE3A9C91B714BC8002AC0F9 /* AddMedicationViewController.m in Sources */,
				CFE3A9C51B7119AB002AC0F9 /* JointViewController.m in Sources */,
				CF704F001B7284260073F6CB /* AdverseEventReporting.m in Sources */,
				CF6829651B68127A004DE59E /* Manifest.m in Sources */,
				CF68294F1B67FD0F004DE59E /* JKPopMenuItem.m in Sources */,
				CFB6D0161B6842AD004849C4 /* User.m in Sources */,
				CF704F071B7285000073F6CB /* Get.m in Sources */,
				CF704F0D1B7295010073F6CB /* MedHistoryCell.m in Sources */,
				CF6D78D91B73B9890004FC20 /* AdverseDetailsCell.m in Sources */,
				CF6829451B67E58D004DE59E /* HomeViewController.m in Sources */,
				CF6829501B67FD0F004DE59E /* JKPopMenuView.m in Sources */,
				CFE3A9C21B711722002AC0F9 /* AdverseEventViewController.m in Sources */,
				CF6829191B67D889004DE59E /* main.m in Sources */,
			);
			runOnlyForDeploymentPostprocessing = 0;
		};
		CF6829281B67D88A004DE59E /* Sources */ = {
			isa = PBXSourcesBuildPhase;
			buildActionMask = 2147483647;
			files = (
				CF6829331B67D88A004DE59E /* RATrackingTests.m in Sources */,
			);
			runOnlyForDeploymentPostprocessing = 0;
		};
/* End PBXSourcesBuildPhase section */

/* Begin PBXTargetDependency section */
		CF68292E1B67D88A004DE59E /* PBXTargetDependency */ = {
			isa = PBXTargetDependency;
			target = CF6829121B67D889004DE59E /* RATracking */;
			targetProxy = CF68292D1B67D88A004DE59E /* PBXContainerItemProxy */;
		};
/* End PBXTargetDependency section */

/* Begin PBXVariantGroup section */
		CF6829201B67D889004DE59E /* Main.storyboard */ = {
			isa = PBXVariantGroup;
			children = (
				CF6829211B67D889004DE59E /* Base */,
			);
			name = Main.storyboard;
			sourceTree = "<group>";
		};
		CF6829251B67D889004DE59E /* LaunchScreen.xib */ = {
			isa = PBXVariantGroup;
			children = (
				CF6829261B67D889004DE59E /* Base */,
			);
			name = LaunchScreen.xib;
			sourceTree = "<group>";
		};
/* End PBXVariantGroup section */

/* Begin XCBuildConfiguration section */
		CF6829341B67D88A004DE59E /* Debug */ = {
			isa = XCBuildConfiguration;
			buildSettings = {
				ALWAYS_SEARCH_USER_PATHS = NO;
				CLANG_CXX_LANGUAGE_STANDARD = "gnu++0x";
				CLANG_CXX_LIBRARY = "libc++";
				CLANG_ENABLE_MODULES = YES;
				CLANG_ENABLE_OBJC_ARC = YES;
				CLANG_WARN_BOOL_CONVERSION = YES;
				CLANG_WARN_CONSTANT_CONVERSION = YES;
				CLANG_WARN_DIRECT_OBJC_ISA_USAGE = YES_ERROR;
				CLANG_WARN_EMPTY_BODY = YES;
				CLANG_WARN_ENUM_CONVERSION = YES;
				CLANG_WARN_INT_CONVERSION = YES;
				CLANG_WARN_OBJC_ROOT_CLASS = YES_ERROR;
				CLANG_WARN_UNREACHABLE_CODE = YES;
				CLANG_WARN__DUPLICATE_METHOD_MATCH = YES;
				"CODE_SIGN_IDENTITY[sdk=iphoneos*]" = "iPhone Developer";
				COPY_PHASE_STRIP = NO;
				DEBUG_INFORMATION_FORMAT = "dwarf-with-dsym";
				ENABLE_STRICT_OBJC_MSGSEND = YES;
				GCC_C_LANGUAGE_STANDARD = gnu99;
				GCC_DYNAMIC_NO_PIC = NO;
				GCC_NO_COMMON_BLOCKS = YES;
				GCC_OPTIMIZATION_LEVEL = 0;
				GCC_PREPROCESSOR_DEFINITIONS = (
					"DEBUG=1",
					"$(inherited)",
				);
				GCC_SYMBOLS_PRIVATE_EXTERN = NO;
				GCC_WARN_64_TO_32_BIT_CONVERSION = YES;
				GCC_WARN_ABOUT_RETURN_TYPE = YES_ERROR;
				GCC_WARN_UNDECLARED_SELECTOR = YES;
				GCC_WARN_UNINITIALIZED_AUTOS = YES_AGGRESSIVE;
				GCC_WARN_UNUSED_FUNCTION = YES;
				GCC_WARN_UNUSED_VARIABLE = YES;
				IPHONEOS_DEPLOYMENT_TARGET = 8.4;
				MTL_ENABLE_DEBUG_INFO = YES;
				ONLY_ACTIVE_ARCH = YES;
				SDKROOT = iphoneos;
				TARGETED_DEVICE_FAMILY = "1,2";
			};
			name = Debug;
		};
		CF6829351B67D88A004DE59E /* Release */ = {
			isa = XCBuildConfiguration;
			buildSettings = {
				ALWAYS_SEARCH_USER_PATHS = NO;
				CLANG_CXX_LANGUAGE_STANDARD = "gnu++0x";
				CLANG_CXX_LIBRARY = "libc++";
				CLANG_ENABLE_MODULES = YES;
				CLANG_ENABLE_OBJC_ARC = YES;
				CLANG_WARN_BOOL_CONVERSION = YES;
				CLANG_WARN_CONSTANT_CONVERSION = YES;
				CLANG_WARN_DIRECT_OBJC_ISA_USAGE = YES_ERROR;
				CLANG_WARN_EMPTY_BODY = YES;
				CLANG_WARN_ENUM_CONVERSION = YES;
				CLANG_WARN_INT_CONVERSION = YES;
				CLANG_WARN_OBJC_ROOT_CLASS = YES_ERROR;
				CLANG_WARN_UNREACHABLE_CODE = YES;
				CLANG_WARN__DUPLICATE_METHOD_MATCH = YES;
				"CODE_SIGN_IDENTITY[sdk=iphoneos*]" = "iPhone Developer";
				COPY_PHASE_STRIP = NO;
				DEBUG_INFORMATION_FORMAT = "dwarf-with-dsym";
				ENABLE_NS_ASSERTIONS = NO;
				ENABLE_STRICT_OBJC_MSGSEND = YES;
				GCC_C_LANGUAGE_STANDARD = gnu99;
				GCC_NO_COMMON_BLOCKS = YES;
				GCC_WARN_64_TO_32_BIT_CONVERSION = YES;
				GCC_WARN_ABOUT_RETURN_TYPE = YES_ERROR;
				GCC_WARN_UNDECLARED_SELECTOR = YES;
				GCC_WARN_UNINITIALIZED_AUTOS = YES_AGGRESSIVE;
				GCC_WARN_UNUSED_FUNCTION = YES;
				GCC_WARN_UNUSED_VARIABLE = YES;
				IPHONEOS_DEPLOYMENT_TARGET = 8.4;
				MTL_ENABLE_DEBUG_INFO = NO;
				SDKROOT = iphoneos;
				TARGETED_DEVICE_FAMILY = "1,2";
				VALIDATE_PRODUCT = YES;
			};
			name = Release;
		};
		CF6829371B67D88A004DE59E /* Debug */ = {
			isa = XCBuildConfiguration;
			baseConfigurationReference = 0A77089B5FBF40779C54782B /* Pods.debug.xcconfig */;
			buildSettings = {
				ASSETCATALOG_COMPILER_APPICON_NAME = AppIcon;
				INFOPLIST_FILE = RATracking/Info.plist;
				IPHONEOS_DEPLOYMENT_TARGET = 8.2;
				LD_RUNPATH_SEARCH_PATHS = "$(inherited) @executable_path/Frameworks";
				PRODUCT_NAME = "$(TARGET_NAME)";
			};
			name = Debug;
		};
		CF6829381B67D88A004DE59E /* Release */ = {
			isa = XCBuildConfiguration;
			baseConfigurationReference = 8266FD4FC2AF9D6FCF32136C /* Pods.release.xcconfig */;
			buildSettings = {
				ASSETCATALOG_COMPILER_APPICON_NAME = AppIcon;
				INFOPLIST_FILE = RATracking/Info.plist;
				IPHONEOS_DEPLOYMENT_TARGET = 8.2;
				LD_RUNPATH_SEARCH_PATHS = "$(inherited) @executable_path/Frameworks";
				PRODUCT_NAME = "$(TARGET_NAME)";
			};
			name = Release;
		};
		CF68293A1B67D88A004DE59E /* Debug */ = {
			isa = XCBuildConfiguration;
			buildSettings = {
				BUNDLE_LOADER = "$(TEST_HOST)";
				FRAMEWORK_SEARCH_PATHS = (
					"$(SDKROOT)/Developer/Library/Frameworks",
					"$(inherited)",
				);
				GCC_PREPROCESSOR_DEFINITIONS = (
					"DEBUG=1",
					"$(inherited)",
				);
				INFOPLIST_FILE = RATrackingTests/Info.plist;
				LD_RUNPATH_SEARCH_PATHS = "$(inherited) @executable_path/Frameworks @loader_path/Frameworks";
				PRODUCT_NAME = "$(TARGET_NAME)";
				TEST_HOST = "$(BUILT_PRODUCTS_DIR)/RATracking.app/RATracking";
			};
			name = Debug;
		};
		CF68293B1B67D88A004DE59E /* Release */ = {
			isa = XCBuildConfiguration;
			buildSettings = {
				BUNDLE_LOADER = "$(TEST_HOST)";
				FRAMEWORK_SEARCH_PATHS = (
					"$(SDKROOT)/Developer/Library/Frameworks",
					"$(inherited)",
				);
				INFOPLIST_FILE = RATrackingTests/Info.plist;
				LD_RUNPATH_SEARCH_PATHS = "$(inherited) @executable_path/Frameworks @loader_path/Frameworks";
				PRODUCT_NAME = "$(TARGET_NAME)";
				TEST_HOST = "$(BUILT_PRODUCTS_DIR)/RATracking.app/RATracking";
			};
			name = Release;
		};
/* End XCBuildConfiguration section */

/* Begin XCConfigurationList section */
		CF68290E1B67D889004DE59E /* Build configuration list for PBXProject "RATracking" */ = {
			isa = XCConfigurationList;
			buildConfigurations = (
				CF6829341B67D88A004DE59E /* Debug */,
				CF6829351B67D88A004DE59E /* Release */,
			);
			defaultConfigurationIsVisible = 0;
			defaultConfigurationName = Release;
		};
		CF6829361B67D88A004DE59E /* Build configuration list for PBXNativeTarget "RATracking" */ = {
			isa = XCConfigurationList;
			buildConfigurations = (
				CF6829371B67D88A004DE59E /* Debug */,
				CF6829381B67D88A004DE59E /* Release */,
			);
			defaultConfigurationIsVisible = 0;
			defaultConfigurationName = Release;
		};
		CF6829391B67D88A004DE59E /* Build configuration list for PBXNativeTarget "RATrackingTests" */ = {
			isa = XCConfigurationList;
			buildConfigurations = (
				CF68293A1B67D88A004DE59E /* Debug */,
				CF68293B1B67D88A004DE59E /* Release */,
			);
			defaultConfigurationIsVisible = 0;
			defaultConfigurationName = Release;
		};
/* End XCConfigurationList section */
	};
	rootObject = CF68290B1B67D889004DE59E /* Project object */;
}
